{
    "_readme": [
        "This file locks the dependencies of your project to a known state",
        "Read more about it at https://getcomposer.org/doc/01-basic-usage.md#installing-dependencies",
        "This file is @generated automatically"
    ],
    "content-hash": "ffc4a43c3f94ff268af293187779d7b8",
    "packages": [
        {
            "name": "engtuncay/phputils",
            "version": "0.0.31",
            "source": {
                "type": "git",
                "url": "https://github.com/engtuncay/phputils.git",
                "reference": "3f33bdf67c248743c5870c3c040fde6644fe6ea4"
            },
            "dist": {
                "type": "zip",
                "url": "https://api.github.com/repos/engtuncay/phputils/zipball/3f33bdf67c248743c5870c3c040fde6644fe6ea4",
                "reference": "3f33bdf67c248743c5870c3c040fde6644fe6ea4",
                "shasum": ""
            },
            "require": {
                "php": ">=7.4"
            },
            "require-dev": {
                "monolog/monolog": "^1.27",
                "phpunit/phpunit": "^11.0"
            },
            "type": "library",
            "autoload": {
                "psr-4": {
                    "Engtuncay\\Phputils\\": "src/"
                }
            },
            "notification-url": "https://packagist.org/downloads/",
            "license": [
                "MIT"
            ],
            "authors": [
                {
                    "name": "Tuncay Orak",
                    "email": "tuncayorak@gmail.com"
                }
            ],
            "description": "Tunc Php Utility Classes",
            "support": {
                "issues": "https://github.com/engtuncay/phputils/issues",
                "source": "https://github.com/engtuncay/phputils/tree/v0.0.31"
            },
            "time": "2024-09-11T08:19:11+00:00"
        }
    ],
    "packages-dev": [],
    "aliases": [],
    "minimum-stability": "stable",
    "stability-flags": [],
    "prefer-stable": false,
    "prefer-lowest": false,
    "platform": [],
    "platform-dev": [],
    "plugin-api-version": "2.6.0"
}
