{
    "_readme": [
        "This file locks the dependencies of your project to a known state",
        "Read more about it at https://getcomposer.org/doc/01-basic-usage.md#installing-dependencies",
        "This file is @generated automatically"
    ],
    "content-hash": "5102878eb5b29f318645b4f442b17324",
    "packages": [
        {
            "name": "engtuncay/phputils",
            "version": "0.0.25",
            "source": {
                "type": "git",
                "url": "https://github.com/engtuncay/phputils.git",
                "reference": "2c01689aa66f08c5ddf36221fa4b4ba81972af82"
            },
            "dist": {
                "type": "zip",
                "url": "https://api.github.com/repos/engtuncay/phputils/zipball/2c01689aa66f08c5ddf36221fa4b4ba81972af82",
                "reference": "2c01689aa66f08c5ddf36221fa4b4ba81972af82",
                "shasum": ""
            },
            "require": {
                "php": ">=7.4"
            },
            "require-dev": {
                "monolog/monolog": "^1.27",
                "phpunit/phpunit": "^11.0"
            },
            "type": "library",
            "autoload": {
                "psr-4": {
                    "Engtuncay\\Phputils\\": "src/"
                }
            },
            "notification-url": "https://packagist.org/downloads/",
            "license": [
                "MIT"
            ],
            "authors": [
                {
                    "name": "Tuncay Orak",
                    "email": "tuncayorak@gmail.com"
                }
            ],
            "description": "Tunc Php Utility Classes",
            "support": {
                "issues": "https://github.com/engtuncay/phputils/issues",
                "source": "https://github.com/engtuncay/phputils/tree/v0.0.25"
            },
            "time": "2024-06-20T09:37:05+00:00"
        }
    ],
    "packages-dev": [],
    "aliases": [],
    "minimum-stability": "stable",
    "stability-flags": [],
    "prefer-stable": false,
    "prefer-lowest": false,
    "platform": [],
    "platform-dev": [],
    "plugin-api-version": "2.6.0"
}
